github.com/smartwalle/nsync v0.0.4 h1:QEiw/THw0oiyxMVvUhcoTKPN6r4v3oBVqiYQoHIMAy0=
github.com/smartwalle/nsync v0.0.4/go.mod h1:nMMP9E4eXlpDrSW8amkScDfrwyQt7VKpG2PJzeS6U+I=
github.com/smartwalle/nsync v0.0.5 h1:IirkAhKZ7gd6zGdZubTsw4eC/BZeOFN8ze2xWvXBivM=
github.com/smartwalle/nsync v0.0.5/go.mod h1:nMMP9E4eXlpDrSW8amkScDfrwyQt7VKpG2PJzeS6U+I=
